
Microsoft Visual Studio Solution File, Format Version 12.00
# Visual Studio Version 17
VisualStudioVersion = 17.13.35806.99 d17.13
MinimumVisualStudioVersion = 10.0.40219.1
Project("{FAE04EC0-301F-11D3-BF4B-00C04F79EFBC}") = "Student Managment", "Student Managment\Student Managment.csproj", "{5D13F59C-616E-4D51-B54B-E124CC37FACA}"
EndProject
Global
	GlobalSection(SolutionConfigurationPlatforms) = preSolution
		Debug|Any CPU = Debug|Any CPU
		Release|Any CPU = Release|Any CPU
	EndGlobalSection
	GlobalSection(ProjectConfigurationPlatforms) = postSolution
		{5D13F59C-616E-4D51-B54B-E124CC37FACA}.Debug|Any CPU.ActiveCfg = Debug|Any CPU
		{5D13F59C-616E-4D51-B54B-E124CC37FACA}.Debug|Any CPU.Build.0 = Debug|Any CPU
		{5D13F59C-616E-4D51-B54B-E124CC37FACA}.Release|Any CPU.ActiveCfg = Release|Any CPU
		{5D13F59C-616E-4D51-B54B-E124CC37FACA}.Release|Any CPU.Build.0 = Release|Any CPU
	EndGlobalSection
	GlobalSection(SolutionProperties) = preSolution
		HideSolutionNode = FALSE
	EndGlobalSection
	GlobalSection(ExtensibilityGlobals) = postSolution
		SolutionGuid = {DBCB44F2-CE59-42DC-8F64-799ADFDFD715}
	EndGlobalSection
EndGlobal
